
Microsoft Visual Studio Solution File, Format Version 12.00
# Visual Studio Version 17
VisualStudioVersion = 17.3.32929.385
MinimumVisualStudioVersion = 10.0.40219.1
Project("{9A19103F-16F7-4668-BE54-9A1E7A4F7556}") = "AthenaBot", "AthenaBot\AthenaBot.csproj", "{DFE26557-2F0F-43F1-8687-AB146B676347}"
EndProject
Project("{9A19103F-16F7-4668-BE54-9A1E7A4F7556}") = "AthenaBot.Core", "AthenaBot.Core\AthenaBot.Core.csproj", "{18241120-D3B7-4184-BC48-892E9D2BA972}"
EndProject
Project("{2150E333-8FDC-42A3-9474-1A3956D46DE8}") = "Plugins", "Plugins", "{21CB1CA2-6640-4642-96A1-9D5FC7A86962}"
EndProject
Project("{9A19103F-16F7-4668-BE54-9A1E7A4F7556}") = "TokenInfoPlugin", "TokenInfoPlugin\TokenInfoPlugin.csproj", "{C4B38944-AA38-4867-9C84-D2B375657C03}"
EndProject
Project("{9A19103F-16F7-4668-BE54-9A1E7A4F7556}") = "OpenSeaPlugin", "OpenSeaPlugin\OpenSeaPlugin.csproj", "{B2034967-2256-478D-AB08-253E3C8199C3}"
EndProject
Project("{FAE04EC0-301F-11D3-BF4B-00C04F79EFBC}") = "TranslatePlugin", "TranslatePlugin\TranslatePlugin.csproj", "{B5D7784E-FD4D-43B8-8E0B-2F42CA82706C}"
EndProject
Global
	GlobalSection(SolutionConfigurationPlatforms) = preSolution
		Debug|Any CPU = Debug|Any CPU
		Release|Any CPU = Release|Any CPU
	EndGlobalSection
	GlobalSection(ProjectConfigurationPlatforms) = postSolution
		{DFE26557-2F0F-43F1-8687-AB146B676347}.Debug|Any CPU.ActiveCfg = Debug|Any CPU
		{DFE26557-2F0F-43F1-8687-AB146B676347}.Debug|Any CPU.Build.0 = Debug|Any CPU
		{DFE26557-2F0F-43F1-8687-AB146B676347}.Release|Any CPU.ActiveCfg = Release|Any CPU
		{DFE26557-2F0F-43F1-8687-AB146B676347}.Release|Any CPU.Build.0 = Release|Any CPU
		{18241120-D3B7-4184-BC48-892E9D2BA972}.Debug|Any CPU.ActiveCfg = Debug|Any CPU
		{18241120-D3B7-4184-BC48-892E9D2BA972}.Debug|Any CPU.Build.0 = Debug|Any CPU
		{18241120-D3B7-4184-BC48-892E9D2BA972}.Release|Any CPU.ActiveCfg = Release|Any CPU
		{18241120-D3B7-4184-BC48-892E9D2BA972}.Release|Any CPU.Build.0 = Release|Any CPU
		{C4B38944-AA38-4867-9C84-D2B375657C03}.Debug|Any CPU.ActiveCfg = Debug|Any CPU
		{C4B38944-AA38-4867-9C84-D2B375657C03}.Debug|Any CPU.Build.0 = Debug|Any CPU
		{C4B38944-AA38-4867-9C84-D2B375657C03}.Release|Any CPU.ActiveCfg = Release|Any CPU
		{C4B38944-AA38-4867-9C84-D2B375657C03}.Release|Any CPU.Build.0 = Release|Any CPU
		{B2034967-2256-478D-AB08-253E3C8199C3}.Debug|Any CPU.ActiveCfg = Debug|Any CPU
		{B2034967-2256-478D-AB08-253E3C8199C3}.Debug|Any CPU.Build.0 = Debug|Any CPU
		{B2034967-2256-478D-AB08-253E3C8199C3}.Release|Any CPU.ActiveCfg = Release|Any CPU
		{B2034967-2256-478D-AB08-253E3C8199C3}.Release|Any CPU.Build.0 = Release|Any CPU
		{B5D7784E-FD4D-43B8-8E0B-2F42CA82706C}.Debug|Any CPU.ActiveCfg = Debug|Any CPU
		{B5D7784E-FD4D-43B8-8E0B-2F42CA82706C}.Debug|Any CPU.Build.0 = Debug|Any CPU
		{B5D7784E-FD4D-43B8-8E0B-2F42CA82706C}.Release|Any CPU.ActiveCfg = Release|Any CPU
		{B5D7784E-FD4D-43B8-8E0B-2F42CA82706C}.Release|Any CPU.Build.0 = Release|Any CPU
	EndGlobalSection
	GlobalSection(SolutionProperties) = preSolution
		HideSolutionNode = FALSE
	EndGlobalSection
	GlobalSection(NestedProjects) = preSolution
		{C4B38944-AA38-4867-9C84-D2B375657C03} = {21CB1CA2-6640-4642-96A1-9D5FC7A86962}
		{B2034967-2256-478D-AB08-253E3C8199C3} = {21CB1CA2-6640-4642-96A1-9D5FC7A86962}
		{B5D7784E-FD4D-43B8-8E0B-2F42CA82706C} = {21CB1CA2-6640-4642-96A1-9D5FC7A86962}
	EndGlobalSection
	GlobalSection(ExtensibilityGlobals) = postSolution
		SolutionGuid = {E7E177DD-B099-4005-AAEC-878AD7DFEBE2}
	EndGlobalSection
EndGlobal
